
Microsoft Visual Studio Solution File, Format Version 12.00
# Visual Studio Version 17
VisualStudioVersion = 17.0.32126.317
MinimumVisualStudioVersion = 10.0.40219.1
Project("{FAE04EC0-301F-11D3-BF4B-00C04F79EFBC}") = "GarrysmodDesktopAddonExtractor", "GarrysmodDesktopAddonExtractor\GarrysmodDesktopAddonExtractor.csproj", "{11E523F7-D3FE-4885-B874-146983FDCFC4}"
EndProject
Project("{9A19103F-16F7-4668-BE54-9A1E7A4F7556}") = "CSharpGmaReaderLibrary", "..\CSharpGmaReaderLibrary\CSharpGmaReaderLibrary\CSharpGmaReaderLibrary.csproj", "{37CC7338-3C53-4660-9C4F-8FFFFB719367}"
EndProject
Global
	GlobalSection(SolutionConfigurationPlatforms) = preSolution
		Debug|Any CPU = Debug|Any CPU
		Release|Any CPU = Release|Any CPU
	EndGlobalSection
	GlobalSection(ProjectConfigurationPlatforms) = postSolution
		{11E523F7-D3FE-4885-B874-146983FDCFC4}.Debug|Any CPU.ActiveCfg = Debug|Any CPU
		{11E523F7-D3FE-4885-B874-146983FDCFC4}.Debug|Any CPU.Build.0 = Debug|Any CPU
		{11E523F7-D3FE-4885-B874-146983FDCFC4}.Release|Any CPU.ActiveCfg = Release|Any CPU
		{11E523F7-D3FE-4885-B874-146983FDCFC4}.Release|Any CPU.Build.0 = Release|Any CPU
		{37CC7338-3C53-4660-9C4F-8FFFFB719367}.Debug|Any CPU.ActiveCfg = Debug|Any CPU
		{37CC7338-3C53-4660-9C4F-8FFFFB719367}.Debug|Any CPU.Build.0 = Debug|Any CPU
		{37CC7338-3C53-4660-9C4F-8FFFFB719367}.Release|Any CPU.ActiveCfg = Release|Any CPU
		{37CC7338-3C53-4660-9C4F-8FFFFB719367}.Release|Any CPU.Build.0 = Release|Any CPU
	EndGlobalSection
	GlobalSection(SolutionProperties) = preSolution
		HideSolutionNode = FALSE
	EndGlobalSection
	GlobalSection(ExtensibilityGlobals) = postSolution
		SolutionGuid = {BF3EABE5-AFB1-4182-B3D7-E768016C807D}
	EndGlobalSection
EndGlobal
